{
  "requires": true,
  "lockfileVersion": 1,
  "dependencies": {
    "algorithmia": {
      "version": "0.3.10",
      "resolved": "https://registry.npmjs.org/algorithmia/-/algorithmia-0.3.10.tgz",
      "integrity": "sha1-9xwgqf9WRmCk0c9zlHmV123jRQw="
    },
    "chroma-js": {
      "version": "1.4.0",
      "resolved": "https://registry.npmjs.org/chroma-js/-/chroma-js-1.4.0.tgz",
      "integrity": "sha512-5vBYGJkhSnK2SRZ0XkxwTL+TSRyP7PHIxjeg+1uce5qpNDRLLwAXcF12kIztas/BYakWPQhchzV4TKkiwKNd8Q=="
    },
    "color-namer": {
      "version": "1.3.0",
      "resolved": "https://registry.npmjs.org/color-namer/-/color-namer-1.3.0.tgz",
      "integrity": "sha1-tUTgm+vXEzwAi+i4AG5vguukAR0=",
      "requires": {
        "chroma-js": "1.4.0"
      }
    }
  }
}
